{
  "name": "midnight-lizard",
  "version": "10.3.6",
  "lockfileVersion": 1,
  "requires": true,
  "dependencies": {
    "@types/chrome": {
      "version": "0.0.74",
      "resolved": "https://registry.npmjs.org/@types/chrome/-/chrome-0.0.74.tgz",
      "integrity": "sha512-hzosS5CkQcIKCgxcsV2AzbJ36KNxG/Db2YEN/erEu7Boprg+KpMDLBQqKFmSo+JkQMGqRcicUyqCowJpuT+C6A==",
      "requires": {
        "@types/filesystem": "*"
      }
    },
    "@types/fb": {
      "version": "0.0.23",
      "resolved": "https://registry.npmjs.org/@types/fb/-/fb-0.0.23.tgz",
      "integrity": "sha1-j2AVeb9B+WjFpVFQ9Xjmbaw33Pg="
    },
    "@types/filesystem": {
      "version": "0.0.29",
      "resolved": "https://registry.npmjs.org/@types/filesystem/-/filesystem-0.0.29.tgz",
      "integrity": "sha512-85/1KfRedmfPGsbK8YzeaQUyV1FQAvMPMTuWFQ5EkLd2w7szhNO96bk3Rh/SKmOfd9co2rCLf0Voy4o7ECBOvw==",
      "requires": {
        "@types/filewriter": "*"
      }
    },
    "@types/filewriter": {
      "version": "0.0.28",
      "resolved": "https://registry.npmjs.org/@types/filewriter/-/filewriter-0.0.28.tgz",
      "integrity": "sha1-wFTor02d11205jq8dviFFocU1LM="
    },
    "@types/firefox-webext-browser": {
      "version": "58.0.4",
      "resolved": "https://registry.npmjs.org/@types/firefox-webext-browser/-/firefox-webext-browser-58.0.4.tgz",
      "integrity": "sha512-agdYt0F7DsZu1zXa6kJ4S7+76P6LBXmfcYi1xot2JqZSngdrz4xorYc1YykEpgEOo+xDfPVr1oBDFAC7AfLlBg=="
    },
    "reflect-metadata": {
      "version": "0.1.12",
      "resolved": "https://registry.npmjs.org/reflect-metadata/-/reflect-metadata-0.1.12.tgz",
      "integrity": "sha1-MRvwxrY814LyKKgavhRqK/qcVvI="
    }
  }
}
