{
  "name": "midnight-lizard",
  "version": "10.0.0",
  "lockfileVersion": 1,
  "requires": true,
  "dependencies": {
    "@types/chrome": {
      "version": "0.0.63",
      "resolved": "https://registry.npmjs.org/@types/chrome/-/chrome-0.0.63.tgz",
      "integrity": "sha1-uG/IyFnsauC/kptFBNesR9V5AG0=",
      "requires": {
        "@types/filesystem": "0.0.28"
      }
    },
    "@types/fb": {
      "version": "0.0.23",
      "resolved": "https://registry.npmjs.org/@types/fb/-/fb-0.0.23.tgz",
      "integrity": "sha1-j2AVeb9B+WjFpVFQ9Xjmbaw33Pg="
    },
    "@types/filesystem": {
      "version": "0.0.28",
      "resolved": "https://registry.npmjs.org/@types/filesystem/-/filesystem-0.0.28.tgz",
      "integrity": "sha1-P9dzWDDyx0E8taxFeAvEWQRpew4=",
      "requires": {
        "@types/filewriter": "0.0.28"
      }
    },
    "@types/filewriter": {
      "version": "0.0.28",
      "resolved": "https://registry.npmjs.org/@types/filewriter/-/filewriter-0.0.28.tgz",
      "integrity": "sha1-wFTor02d11205jq8dviFFocU1LM="
    },
    "@types/firefox-webext-browser": {
      "version": "58.0.2",
      "resolved": "https://registry.npmjs.org/@types/firefox-webext-browser/-/firefox-webext-browser-58.0.2.tgz",
      "integrity": "sha1-UmWmMfm7ZyWIh5PXCpiLKIHB1Z0="
    },
    "reflect-metadata": {
      "version": "0.1.12",
      "resolved": "https://registry.npmjs.org/reflect-metadata/-/reflect-metadata-0.1.12.tgz",
      "integrity": "sha1-MRvwxrY814LyKKgavhRqK/qcVvI="
    }
  }
}
